<?xml version="1.0" encoding="utf-8"?>
<Project ToolsVersion="4.0" xmlns="http://schemas.microsoft.com/developer/msbuild/2003">
  <ItemGroup>
    <ClCompile Include="..\src\main.cpp" />
    <ClCompile Include="..\src\Common\Utils.cpp">
      <Filter>Common</Filter>
    </ClCompile>
    <ClCompile Include="..\src\Common\RedirectIO.cpp">
      <Filter>Common</Filter>
    </ClCompile>
    <ClCompile Include="..\src\Easy\Onboarding.cpp">
      <Filter>Easy\Onboarding</Filter>
    </ClCompile>
    <ClCompile Include="..\src\Easy\Descent.cpp">
      <Filter>Easy\Descent</Filter>
    </ClCompile>
    <ClCompile Include="..\src\Easy\PowerofThorEpisode1.cpp">
      <Filter>Easy\PowerOfThorEpisode1</Filter>
    </ClCompile>
    <ClCompile Include="..\src\Easy\Temperatures.cpp">
      <Filter>Easy\Temperatures</Filter>
    </ClCompile>
    <ClCompile Include="..\src\Easy\MarsLanderEpisode1.cpp">
      <Filter>Easy\MarsLanderEpisode1</Filter>
    </ClCompile>
    <ClCompile Include="..\src\Easy\AsciiArt.cpp">
      <Filter>Easy\AsciiArt</Filter>
    </ClCompile>
    <ClCompile Include="..\src\Easy\ChuckNorris.cpp">
      <Filter>Easy\ChuckNorris</Filter>
    </ClCompile>
    <ClCompile Include="..\src\Easy\MimeType.cpp">
      <Filter>Easy\MimeType</Filter>
    </ClCompile>
    <ClCompile Include="..\src\Easy\Defibrillators.cpp">
      <Filter>Easy\Defibrillators</Filter>
    </ClCompile>
  </ItemGroup>
  <ItemGroup>
    <Filter Include="Common">
      <UniqueIdentifier>{6ef5fbcc-e04d-4046-94a3-e3daf7ea67a5}</UniqueIdentifier>
    </Filter>
    <Filter Include="Easy">
      <UniqueIdentifier>{45e799ad-895f-4cfc-a1ce-6800d872e1fd}</UniqueIdentifier>
    </Filter>
    <Filter Include="Easy\Onboarding">
      <UniqueIdentifier>{0c98d491-8b04-4890-bd9a-39a48736a350}</UniqueIdentifier>
    </Filter>
    <Filter Include="Easy\Descent">
      <UniqueIdentifier>{86b48fcc-1a59-482b-8c0f-ef6e506e46b2}</UniqueIdentifier>
    </Filter>
    <Filter Include="Easy\PowerOfThorEpisode1">
      <UniqueIdentifier>{982c6ac1-2fc2-4e7f-af95-2c44989d8a63}</UniqueIdentifier>
    </Filter>
    <Filter Include="Easy\Temperatures">
      <UniqueIdentifier>{1c76241f-961d-4c12-815a-0551591964d6}</UniqueIdentifier>
    </Filter>
    <Filter Include="Easy\MarsLanderEpisode1">
      <UniqueIdentifier>{d917aadf-e39c-4c12-9885-299f617c476a}</UniqueIdentifier>
    </Filter>
    <Filter Include="Easy\AsciiArt">
      <UniqueIdentifier>{298cd3f4-e84c-4e6a-8f4b-ac9361ad2ab5}</UniqueIdentifier>
    </Filter>
    <Filter Include="Easy\ChuckNorris">
      <UniqueIdentifier>{db1272ea-dc0c-4268-8d9c-27025289df0e}</UniqueIdentifier>
    </Filter>
    <Filter Include="Easy\MimeType">
      <UniqueIdentifier>{f6236298-643c-4af2-bcc0-0922f7bef36c}</UniqueIdentifier>
    </Filter>
    <Filter Include="Easy\Defibrillators">
      <UniqueIdentifier>{1ab88bac-6869-4c78-8ffb-f9ac16094081}</UniqueIdentifier>
    </Filter>
  </ItemGroup>
  <ItemGroup>
    <ClInclude Include="..\src\Common\Includes.h">
      <Filter>Common</Filter>
    </ClInclude>
    <ClInclude Include="..\src\Common\Utils.h">
      <Filter>Common</Filter>
    </ClInclude>
    <ClInclude Include="..\src\Common\RedirectIO.h">
      <Filter>Common</Filter>
    </ClInclude>
    <ClInclude Include="..\src\Easy\Onboarding.h">
      <Filter>Easy\Onboarding</Filter>
    </ClInclude>
    <ClInclude Include="..\src\Easy\Descent.h">
      <Filter>Easy\Descent</Filter>
    </ClInclude>
    <ClInclude Include="..\src\Easy\PowerofThorEpisode1.h">
      <Filter>Easy\PowerOfThorEpisode1</Filter>
    </ClInclude>
    <ClInclude Include="..\src\Easy\Temperatures.h">
      <Filter>Easy\Temperatures</Filter>
    </ClInclude>
    <ClInclude Include="..\src\Easy\MarsLanderEpisode1.h">
      <Filter>Easy\MarsLanderEpisode1</Filter>
    </ClInclude>
    <ClInclude Include="..\src\Easy\AsciiArt.h">
      <Filter>Easy\AsciiArt</Filter>
    </ClInclude>
    <ClInclude Include="..\src\Easy\ChuckNorris.h">
      <Filter>Easy\ChuckNorris</Filter>
    </ClInclude>
    <ClInclude Include="..\src\Easy\MimeType.h">
      <Filter>Easy\MimeType</Filter>
    </ClInclude>
    <ClInclude Include="..\src\Easy\Defibrillators.h">
      <Filter>Easy\Defibrillators</Filter>
    </ClInclude>
  </ItemGroup>
</Project>