<?xml version="1.0" encoding="utf-8"?>
<Project ToolsVersion="4.0" xmlns="http://schemas.microsoft.com/developer/msbuild/2003">
  <ItemGroup>
    <ClCompile Include="..\tests\Main.cpp" />
    <ClCompile Include="..\src\Common\RedirectIO.cpp">
      <Filter>Common</Filter>
    </ClCompile>
  </ItemGroup>
  <ItemGroup>
    <Filter Include="Common">
      <UniqueIdentifier>{daae9480-48ef-4650-8aa2-300c21775299}</UniqueIdentifier>
    </Filter>
  </ItemGroup>
  <ItemGroup>
    <ClInclude Include="..\src\Common\RedirectIO.h">
      <Filter>Common</Filter>
    </ClInclude>
  </ItemGroup>
</Project>