<?xml version="1.0" encoding="utf-8"?>
<Project ToolsVersion="4.0" xmlns="http://schemas.microsoft.com/developer/msbuild/2003">
  <ItemGroup>
    <ClCompile Include="..\tests\Main.cpp" />
    <ClCompile Include="..\src\Common\RedirectIO.cpp">
      <Filter>Common</Filter>
    </ClCompile>
    <ClCompile Include="..\src\Easy\Temperatures.cpp">
      <Filter>Easy\Temperatures</Filter>
    </ClCompile>
    <ClCompile Include="..\tests\Easy\AsciiArtTest.cpp">
      <Filter>Easy\AsciiArt</Filter>
    </ClCompile>
    <ClCompile Include="..\src\Easy\AsciiArt.cpp">
      <Filter>Easy\AsciiArt</Filter>
    </ClCompile>
    <ClCompile Include="..\src\Easy\ChuckNorris.cpp">
      <Filter>Easy\ChuckNorris</Filter>
    </ClCompile>
    <ClCompile Include="..\tests\Easy\TemperaturesTest.cpp">
      <Filter>Easy\Temperatures</Filter>
    </ClCompile>
    <ClCompile Include="..\tests\Easy\ChuckNorrisTest.cpp">
      <Filter>Easy\ChuckNorris</Filter>
    </ClCompile>
    <ClCompile Include="..\tests\Easy\MimeTypeTest.cpp">
      <Filter>Easy\MimeType</Filter>
    </ClCompile>
    <ClCompile Include="..\src\Easy\MimeType.cpp">
      <Filter>Easy\MimeType</Filter>
    </ClCompile>
    <ClCompile Include="..\src\Easy\Defibrillators.cpp">
      <Filter>Easy\Defibrillators</Filter>
    </ClCompile>
    <ClCompile Include="..\tests\Easy\DefibrillatorsTest.cpp">
      <Filter>Easy\Defibrillators</Filter>
    </ClCompile>
    <ClCompile Include="..\tests\Easy\HorseRacingDualsTest.cpp">
      <Filter>Easy\HorseRacingDuals</Filter>
    </ClCompile>
    <ClCompile Include="..\src\Easy\HorseRacingDuals.cpp">
      <Filter>Easy\HorseRacingDuals</Filter>
    </ClCompile>
    <ClCompile Include="..\src\Common\HexCubeCoordinate.cpp">
      <Filter>Common</Filter>
    </ClCompile>
    <ClCompile Include="..\tests\Common\HexCubeCoordinateTest.cpp">
      <Filter>Common</Filter>
    </ClCompile>
  </ItemGroup>
  <ItemGroup>
    <Filter Include="Common">
      <UniqueIdentifier>{daae9480-48ef-4650-8aa2-300c21775299}</UniqueIdentifier>
    </Filter>
    <Filter Include="Easy">
      <UniqueIdentifier>{019e6873-2b24-404c-9abf-4a401f85b989}</UniqueIdentifier>
    </Filter>
    <Filter Include="Easy\Temperatures">
      <UniqueIdentifier>{7071de33-67de-425a-8dbe-baf6be38b18a}</UniqueIdentifier>
    </Filter>
    <Filter Include="Easy\AsciiArt">
      <UniqueIdentifier>{4c9943af-857e-433d-bc5c-4a8047bae6e9}</UniqueIdentifier>
    </Filter>
    <Filter Include="Easy\ChuckNorris">
      <UniqueIdentifier>{83acec5a-f3a2-4c1b-b720-e3d6239bef62}</UniqueIdentifier>
    </Filter>
    <Filter Include="Easy\MimeType">
      <UniqueIdentifier>{e826fdce-143b-44d8-a1b1-b6ab057ed8f9}</UniqueIdentifier>
    </Filter>
    <Filter Include="Easy\AsciiArt\DataFiles">
      <UniqueIdentifier>{4817625d-f81f-4c49-bf1f-c3107b3d04d2}</UniqueIdentifier>
    </Filter>
    <Filter Include="Easy\MimeType\DataFiles">
      <UniqueIdentifier>{be1a7126-1cf0-4068-9607-611f13d3c05e}</UniqueIdentifier>
    </Filter>
    <Filter Include="Easy\Defibrillators">
      <UniqueIdentifier>{d3bdc180-8347-440d-9105-21c39717f039}</UniqueIdentifier>
    </Filter>
    <Filter Include="Easy\Defibrillators\DataFiles">
      <UniqueIdentifier>{49f9d9d3-c985-4c66-aae2-6690df7240b6}</UniqueIdentifier>
    </Filter>
    <Filter Include="Easy\HorseRacingDuals">
      <UniqueIdentifier>{cdbf82c7-2613-4421-a3f9-a077ad77ae20}</UniqueIdentifier>
    </Filter>
    <Filter Include="Easy\HorseRacingDuals\DataFiles">
      <UniqueIdentifier>{735624c5-64cd-4556-bb73-bbe8d10e72a4}</UniqueIdentifier>
    </Filter>
  </ItemGroup>
  <ItemGroup>
    <ClInclude Include="..\src\Common\RedirectIO.h">
      <Filter>Common</Filter>
    </ClInclude>
    <ClInclude Include="..\src\Easy\Temperatures.h">
      <Filter>Easy\Temperatures</Filter>
    </ClInclude>
    <ClInclude Include="..\src\Easy\AsciiArt.h">
      <Filter>Easy\AsciiArt</Filter>
    </ClInclude>
    <ClInclude Include="..\src\Easy\ChuckNorris.h">
      <Filter>Easy\ChuckNorris</Filter>
    </ClInclude>
    <ClInclude Include="..\src\Easy\MimeType.h">
      <Filter>Easy\MimeType</Filter>
    </ClInclude>
    <ClInclude Include="..\src\Easy\Defibrillators.h">
      <Filter>Easy\Defibrillators</Filter>
    </ClInclude>
    <ClInclude Include="..\src\Easy\HorseRacingDuals.h">
      <Filter>Easy\HorseRacingDuals</Filter>
    </ClInclude>
    <ClInclude Include="..\src\Common\HexCubeCoordinate.h">
      <Filter>Common</Filter>
    </ClInclude>
  </ItemGroup>
  <ItemGroup>
    <Text Include="..\tests\DataFiles\Easy\AsciiArt\ManhattanAlternateRepresentation_in.txt">
      <Filter>Easy\AsciiArt\DataFiles</Filter>
    </Text>
    <Text Include="..\tests\DataFiles\Easy\AsciiArt\ManhattanAlternateRepresentation_out.txt">
      <Filter>Easy\AsciiArt\DataFiles</Filter>
    </Text>
    <Text Include="..\tests\DataFiles\Easy\AsciiArt\ManhattanMixedCase_in.txt">
      <Filter>Easy\AsciiArt\DataFiles</Filter>
    </Text>
    <Text Include="..\tests\DataFiles\Easy\AsciiArt\ManhattanMixedCase_out.txt">
      <Filter>Easy\AsciiArt\DataFiles</Filter>
    </Text>
    <Text Include="..\tests\DataFiles\Easy\AsciiArt\ManhattanNonLetter_in.txt">
      <Filter>Easy\AsciiArt\DataFiles</Filter>
    </Text>
    <Text Include="..\tests\DataFiles\Easy\AsciiArt\ManhattanNonLetter_out.txt">
      <Filter>Easy\AsciiArt\DataFiles</Filter>
    </Text>
    <Text Include="..\tests\DataFiles\Easy\AsciiArt\ManhattanUpperCase_in.txt">
      <Filter>Easy\AsciiArt\DataFiles</Filter>
    </Text>
    <Text Include="..\tests\DataFiles\Easy\AsciiArt\ManhattanUpperCase_out.txt">
      <Filter>Easy\AsciiArt\DataFiles</Filter>
    </Text>
    <Text Include="..\tests\DataFiles\Easy\AsciiArt\OneLetter_E_in.txt">
      <Filter>Easy\AsciiArt\DataFiles</Filter>
    </Text>
    <Text Include="..\tests\DataFiles\Easy\AsciiArt\OneLetter_E_out.txt">
      <Filter>Easy\AsciiArt\DataFiles</Filter>
    </Text>
    <Text Include="..\tests\DataFiles\Easy\MimeType\SimpleCase_in.txt">
      <Filter>Easy\MimeType\DataFiles</Filter>
    </Text>
    <Text Include="..\tests\DataFiles\Easy\MimeType\SimpleCase_out.txt">
      <Filter>Easy\MimeType\DataFiles</Filter>
    </Text>
    <Text Include="..\tests\DataFiles\Easy\MimeType\CorrectDivision_in.txt">
      <Filter>Easy\MimeType\DataFiles</Filter>
    </Text>
    <Text Include="..\tests\DataFiles\Easy\MimeType\CorrectDivision_out.txt">
      <Filter>Easy\MimeType\DataFiles</Filter>
    </Text>
    <Text Include="..\tests\DataFiles\Easy\MimeType\CaseSensitivity_in.txt">
      <Filter>Easy\MimeType\DataFiles</Filter>
    </Text>
    <Text Include="..\tests\DataFiles\Easy\MimeType\CaseSensitivity_out.txt">
      <Filter>Easy\MimeType\DataFiles</Filter>
    </Text>
    <Text Include="..\tests\DataFiles\Easy\MimeType\LargeDataset_in.txt">
      <Filter>Easy\MimeType\DataFiles</Filter>
    </Text>
    <Text Include="..\tests\DataFiles\Easy\MimeType\LargeDataset_out.txt">
      <Filter>Easy\MimeType\DataFiles</Filter>
    </Text>
    <Text Include="..\tests\DataFiles\Easy\MimeType\UnknownTypes_in.txt">
      <Filter>Easy\MimeType\DataFiles</Filter>
    </Text>
    <Text Include="..\tests\DataFiles\Easy\MimeType\UnknownTypes_out.txt">
      <Filter>Easy\MimeType\DataFiles</Filter>
    </Text>
    <Text Include="..\tests\DataFiles\Easy\Defibrillators\Example_in.txt">
      <Filter>Easy\Defibrillators\DataFiles</Filter>
    </Text>
    <Text Include="..\tests\DataFiles\Easy\Defibrillators\ExactPosition_in.txt">
      <Filter>Easy\Defibrillators\DataFiles</Filter>
    </Text>
    <Text Include="..\tests\DataFiles\Easy\HorseRacingDuals\Simple_in.txt">
      <Filter>Easy\HorseRacingDuals\DataFiles</Filter>
    </Text>
    <Text Include="..\tests\DataFiles\Easy\HorseRacingDuals\RandomOrder_in.txt">
      <Filter>Easy\HorseRacingDuals\DataFiles</Filter>
    </Text>
    <Text Include="..\tests\DataFiles\Easy\HorseRacingDuals\LargeDataset_in.txt">
      <Filter>Easy\HorseRacingDuals\DataFiles</Filter>
    </Text>
    <Text Include="..\tests\DataFiles\Easy\Defibrillators\LargeDataset_in.txt">
      <Filter>Easy\Defibrillators\DataFiles</Filter>
    </Text>
    <Text Include="..\tests\DataFiles\Easy\Defibrillators\LargeDataset2_in.txt">
      <Filter>Easy\Defibrillators\DataFiles</Filter>
    </Text>
  </ItemGroup>
</Project>